
Microsoft Visual Studio Solution File, Format Version 12.00
# Visual Studio Version 16
VisualStudioVersion = 16.0.29613.14
MinimumVisualStudioVersion = 10.0.40219.1
Project("{FAE04EC0-301F-11D3-BF4B-00C04F79EFBC}") = "LineGame", "LineGame\LineGame.csproj", "{AC866705-642B-4C42-87C9-34872C03911B}"
EndProject
Global
	GlobalSection(SolutionConfigurationPlatforms) = preSolution
		Debug|Any CPU = Debug|Any CPU
		Release|Any CPU = Release|Any CPU
	EndGlobalSection
	GlobalSection(ProjectConfigurationPlatforms) = postSolution
		{AC866705-642B-4C42-87C9-34872C03911B}.Debug|Any CPU.ActiveCfg = Debug|Any CPU
		{AC866705-642B-4C42-87C9-34872C03911B}.Debug|Any CPU.Build.0 = Debug|Any CPU
		{AC866705-642B-4C42-87C9-34872C03911B}.Release|Any CPU.ActiveCfg = Release|Any CPU
		{AC866705-642B-4C42-87C9-34872C03911B}.Release|Any CPU.Build.0 = Release|Any CPU
	EndGlobalSection
	GlobalSection(SolutionProperties) = preSolution
		HideSolutionNode = FALSE
	EndGlobalSection
	GlobalSection(ExtensibilityGlobals) = postSolution
		SolutionGuid = {F51E0C0C-CBE0-495C-B94A-A12ED7F298D6}
	EndGlobalSection
EndGlobal
